{
  "name": "flowershop",
  "lockfileVersion": 3,
  "requires": true,
  "packages": {
    "": {
      "dependencies": {
        "routerjs": "^2.4.5"
      }
    },
    "node_modules/path-to-regexp": {
      "version": "3.3.0",
      "resolved": "https://registry.npmjs.org/path-to-regexp/-/path-to-regexp-3.3.0.tgz",
      "integrity": "sha512-qyCH421YQPS2WFDxDjftfc1ZR5WKQzVzqsp4n9M2kQhVOo/ByahFoUNJfl58kOcEGfQ//7weFTDhm+ss8Ecxgw==",
      "license": "MIT"
    },
    "node_modules/routerjs": {
      "version": "2.4.5",
      "resolved": "https://registry.npmjs.org/routerjs/-/routerjs-2.4.5.tgz",
      "integrity": "sha512-xHFV4C5PXQLxW6JsOXMvLxTMYmcYEYazpZp+lg36YsjqK8bLfR8aSFNyvtojNwFqyZfoU63YoT7PX7DBnQci/Q==",
      "license": "GPL-2.0",
      "dependencies": {
        "path-to-regexp": "^3.1.0"
      }
    }
  }
}
